
Microsoft Visual Studio Solution File, Format Version 12.00
# Visual Studio Version 16
VisualStudioVersion = 16.0.30330.147
MinimumVisualStudioVersion = 10.0.40219.1
Project("{FAE04EC0-301F-11D3-BF4B-00C04F79EFBC}") = "MapperAssemblies", "MapperAssemblies\MapperAssemblies.csproj", "{5206309B-947F-4FA4-B97F-88552D00D773}"
EndProject
Project("{FAE04EC0-301F-11D3-BF4B-00C04F79EFBC}") = "MapWithAssemblyReference", "MapWithAssemblyReference\MapWithAssemblyReference.btproj", "{F3C3BC90-F099-4371-BFE0-2ADDBD1B56F8}"
EndProject
Project("{FAE04EC0-301F-11D3-BF4B-00C04F79EFBC}") = "EDIFACT", "EDIFACT\EDIFACT.btproj", "{E9B05978-7E53-4742-B2C2-F3C195D295B9}"
EndProject
Global
	GlobalSection(SolutionConfigurationPlatforms) = preSolution
		Debug|Any CPU = Debug|Any CPU
		Release|Any CPU = Release|Any CPU
	EndGlobalSection
	GlobalSection(ProjectConfigurationPlatforms) = postSolution
		{5206309B-947F-4FA4-B97F-88552D00D773}.Debug|Any CPU.ActiveCfg = Debug|Any CPU
		{5206309B-947F-4FA4-B97F-88552D00D773}.Debug|Any CPU.Build.0 = Debug|Any CPU
		{5206309B-947F-4FA4-B97F-88552D00D773}.Release|Any CPU.ActiveCfg = Release|Any CPU
		{5206309B-947F-4FA4-B97F-88552D00D773}.Release|Any CPU.Build.0 = Release|Any CPU
		{F3C3BC90-F099-4371-BFE0-2ADDBD1B56F8}.Debug|Any CPU.ActiveCfg = Debug|Any CPU
		{F3C3BC90-F099-4371-BFE0-2ADDBD1B56F8}.Debug|Any CPU.Build.0 = Debug|Any CPU
		{F3C3BC90-F099-4371-BFE0-2ADDBD1B56F8}.Debug|Any CPU.Deploy.0 = Debug|Any CPU
		{F3C3BC90-F099-4371-BFE0-2ADDBD1B56F8}.Release|Any CPU.ActiveCfg = Release|Any CPU
		{F3C3BC90-F099-4371-BFE0-2ADDBD1B56F8}.Release|Any CPU.Build.0 = Release|Any CPU
		{F3C3BC90-F099-4371-BFE0-2ADDBD1B56F8}.Release|Any CPU.Deploy.0 = Release|Any CPU
		{E9B05978-7E53-4742-B2C2-F3C195D295B9}.Debug|Any CPU.ActiveCfg = Debug|Any CPU
		{E9B05978-7E53-4742-B2C2-F3C195D295B9}.Debug|Any CPU.Build.0 = Debug|Any CPU
		{E9B05978-7E53-4742-B2C2-F3C195D295B9}.Debug|Any CPU.Deploy.0 = Debug|Any CPU
		{E9B05978-7E53-4742-B2C2-F3C195D295B9}.Release|Any CPU.ActiveCfg = Release|Any CPU
		{E9B05978-7E53-4742-B2C2-F3C195D295B9}.Release|Any CPU.Build.0 = Release|Any CPU
		{E9B05978-7E53-4742-B2C2-F3C195D295B9}.Release|Any CPU.Deploy.0 = Release|Any CPU
	EndGlobalSection
	GlobalSection(SolutionProperties) = preSolution
		HideSolutionNode = FALSE
	EndGlobalSection
	GlobalSection(ExtensibilityGlobals) = postSolution
		SolutionGuid = {140E435E-3204-4187-AD5B-8882DC568E10}
	EndGlobalSection
EndGlobal
